// !$*UTF8*$!
{
	archiveVersion = 1;
	classes = {
	};
	objectVersion = 55;
	objects = {

/* Begin PBXBuildFile section */
		94865EB8289D95D3002D09FF /* LexendDeca-Bold.ttf in Resources */ = {isa = PBXBuildFile; fileRef = 94865EB5289D95D3002D09FF /* LexendDeca-Bold.ttf */; };
		94865EB9289D95D3002D09FF /* LexendDeca-Regular.ttf in Resources */ = {isa = PBXBuildFile; fileRef = 94865EB6289D95D3002D09FF /* LexendDeca-Regular.ttf */; };
		94865EBA289D95D3002D09FF /* LexendDeca-SemiBold.ttf in Resources */ = {isa = PBXBuildFile; fileRef = 94865EB7289D95D3002D09FF /* LexendDeca-SemiBold.ttf */; };
		94865EBC289D9A73002D09FF /* Fonts.swift in Sources */ = {isa = PBXBuildFile; fileRef = 94865EBB289D9A73002D09FF /* Fonts.swift */; };
		94865EC128A0C453002D09FF /* CustomTabBar.swift in Sources */ = {isa = PBXBuildFile; fileRef = 94865EC028A0C453002D09FF /* CustomTabBar.swift */; };
		94865EC328A0CE0B002D09FF /* TabBarButton.swift in Sources */ = {isa = PBXBuildFile; fileRef = 94865EC228A0CE0B002D09FF /* TabBarButton.swift */; };
		94865EC528A0D0AC002D09FF /* GoogleService-Info.plist in Resources */ = {isa = PBXBuildFile; fileRef = 94865EC428A0D0AC002D09FF /* GoogleService-Info.plist */; };
		94865EC828A0D206002D09FF /* FirebaseAnalytics in Frameworks */ = {isa = PBXBuildFile; productRef = 94865EC728A0D206002D09FF /* FirebaseAnalytics */; };
		94865ECA28A0D206002D09FF /* FirebaseAnalyticsSwift in Frameworks */ = {isa = PBXBuildFile; productRef = 94865EC928A0D206002D09FF /* FirebaseAnalyticsSwift */; };
		94865ECC28A0D206002D09FF /* FirebaseAuth in Frameworks */ = {isa = PBXBuildFile; productRef = 94865ECB28A0D206002D09FF /* FirebaseAuth */; };
		94865ECE28A0D206002D09FF /* FirebaseFirestore in Frameworks */ = {isa = PBXBuildFile; productRef = 94865ECD28A0D206002D09FF /* FirebaseFirestore */; };
		94865ED028A0D206002D09FF /* FirebaseFirestoreSwift in Frameworks */ = {isa = PBXBuildFile; productRef = 94865ECF28A0D206002D09FF /* FirebaseFirestoreSwift */; };
		94865ED228A0D206002D09FF /* FirebaseStorage in Frameworks */ = {isa = PBXBuildFile; productRef = 94865ED128A0D206002D09FF /* FirebaseStorage */; };
		94865ED428A0D2BB002D09FF /* AppDelegate.swift in Sources */ = {isa = PBXBuildFile; fileRef = 94865ED328A0D2BB002D09FF /* AppDelegate.swift */; };
		94865ED728A1586C002D09FF /* AuthViewModel.swift in Sources */ = {isa = PBXBuildFile; fileRef = 94865ED628A1586C002D09FF /* AuthViewModel.swift */; };
		94865EDA28A15FAC002D09FF /* OnboardingContainerView.swift in Sources */ = {isa = PBXBuildFile; fileRef = 94865ED928A15FAC002D09FF /* OnboardingContainerView.swift */; };
		94865EDC28A16497002D09FF /* WelcomeView.swift in Sources */ = {isa = PBXBuildFile; fileRef = 94865EDB28A16497002D09FF /* WelcomeView.swift */; };
		94865EDE28A16526002D09FF /* PhoneNumberView.swift in Sources */ = {isa = PBXBuildFile; fileRef = 94865EDD28A16526002D09FF /* PhoneNumberView.swift */; };
		94865EE028A1653A002D09FF /* VerificationView.swift in Sources */ = {isa = PBXBuildFile; fileRef = 94865EDF28A1653A002D09FF /* VerificationView.swift */; };
		94865EE228A1654C002D09FF /* ProfileView.swift in Sources */ = {isa = PBXBuildFile; fileRef = 94865EE128A1654C002D09FF /* ProfileView.swift */; };
		94865EE428A16560002D09FF /* SyncContactsView.swift in Sources */ = {isa = PBXBuildFile; fileRef = 94865EE328A1655F002D09FF /* SyncContactsView.swift */; };
		94865EE628A166E6002D09FF /* OnboardingButtonStyle.swift in Sources */ = {isa = PBXBuildFile; fileRef = 94865EE528A166E6002D09FF /* OnboardingButtonStyle.swift */; };
		94865EE828A23304002D09FF /* ProfileTextFieldStyle.swift in Sources */ = {isa = PBXBuildFile; fileRef = 94865EE728A23304002D09FF /* ProfileTextFieldStyle.swift */; };
		94865F0428A42D4D002D09FF /* User.swift in Sources */ = {isa = PBXBuildFile; fileRef = 94865F0328A42D4D002D09FF /* User.swift */; };
		94865F0628A42E9E002D09FF /* ContactsViewModel.swift in Sources */ = {isa = PBXBuildFile; fileRef = 94865F0528A42E9E002D09FF /* ContactsViewModel.swift */; };
		94865F0828A4CE72002D09FF /* DatabaseService.swift in Sources */ = {isa = PBXBuildFile; fileRef = 94865F0728A4CE71002D09FF /* DatabaseService.swift */; };
		94865F0A28A4CFB8002D09FF /* TextHelper.swift in Sources */ = {isa = PBXBuildFile; fileRef = 94865F0928A4CFB8002D09FF /* TextHelper.swift */; };
		94865F0C28A4D930002D09FF /* ImagePicker.swift in Sources */ = {isa = PBXBuildFile; fileRef = 94865F0B28A4D930002D09FF /* ImagePicker.swift */; };
		94865F1028A53981002D09FF /* ContactsListView.swift in Sources */ = {isa = PBXBuildFile; fileRef = 94865F0F28A53981002D09FF /* ContactsListView.swift */; };
		94865F1228A5398F002D09FF /* ChatsListView.swift in Sources */ = {isa = PBXBuildFile; fileRef = 94865F1128A5398F002D09FF /* ChatsListView.swift */; };
		94865F1428A5496E002D09FF /* ContactRow.swift in Sources */ = {isa = PBXBuildFile; fileRef = 94865F1328A5496E002D09FF /* ContactRow.swift */; };
		94865F1728ADF472002D09FF /* ProfilePicView.swift in Sources */ = {isa = PBXBuildFile; fileRef = 94865F1628ADF472002D09FF /* ProfilePicView.swift */; };
		94865F1928ADFA5A002D09FF /* ConversationView.swift in Sources */ = {isa = PBXBuildFile; fileRef = 94865F1828ADFA5A002D09FF /* ConversationView.swift */; };
		94865F1B28ADFB7E002D09FF /* RoundedCornerExtension.swift in Sources */ = {isa = PBXBuildFile; fileRef = 94865F1A28ADFB7E002D09FF /* RoundedCornerExtension.swift */; };
		94865F1D28AE1E4D002D09FF /* Chat.swift in Sources */ = {isa = PBXBuildFile; fileRef = 94865F1C28AE1E4D002D09FF /* Chat.swift */; };
		94865F2128AE210C002D09FF /* ChatViewModel.swift in Sources */ = {isa = PBXBuildFile; fileRef = 94865F2028AE210C002D09FF /* ChatViewModel.swift */; };
		94865F2328B08A60002D09FF /* DateHelper.swift in Sources */ = {isa = PBXBuildFile; fileRef = 94865F2228B08A60002D09FF /* DateHelper.swift */; };
		94A20248289D8AC100C75FD4 /* chat_app_swiftuiApp.swift in Sources */ = {isa = PBXBuildFile; fileRef = 94A20247289D8AC100C75FD4 /* chat_app_swiftuiApp.swift */; };
		94A2024A289D8AC100C75FD4 /* RootView.swift in Sources */ = {isa = PBXBuildFile; fileRef = 94A20249289D8AC100C75FD4 /* RootView.swift */; };
		94A2024C289D8AC200C75FD4 /* Assets.xcassets in Resources */ = {isa = PBXBuildFile; fileRef = 94A2024B289D8AC200C75FD4 /* Assets.xcassets */; };
		94A2024F289D8AC200C75FD4 /* Preview Assets.xcassets in Resources */ = {isa = PBXBuildFile; fileRef = 94A2024E289D8AC200C75FD4 /* Preview Assets.xcassets */; };
		94A20259289D8AC200C75FD4 /* chat_app_swiftuiTests.swift in Sources */ = {isa = PBXBuildFile; fileRef = 94A20258289D8AC200C75FD4 /* chat_app_swiftuiTests.swift */; };
		94A20263289D8AC200C75FD4 /* chat_app_swiftuiUITests.swift in Sources */ = {isa = PBXBuildFile; fileRef = 94A20262289D8AC200C75FD4 /* chat_app_swiftuiUITests.swift */; };
		94A20265289D8AC200C75FD4 /* chat_app_swiftuiUITestsLaunchTests.swift in Sources */ = {isa = PBXBuildFile; fileRef = 94A20264289D8AC200C75FD4 /* chat_app_swiftuiUITestsLaunchTests.swift */; };
/* End PBXBuildFile section */

/* Begin PBXContainerItemProxy section */
		94A20255289D8AC200C75FD4 /* PBXContainerItemProxy */ = {
			isa = PBXContainerItemProxy;
			containerPortal = 94A2023C289D8AC000C75FD4 /* Project object */;
			proxyType = 1;
			remoteGlobalIDString = 94A20243289D8AC100C75FD4;
			remoteInfo = "chat-app-swiftui";
		};
		94A2025F289D8AC200C75FD4 /* PBXContainerItemProxy */ = {
			isa = PBXContainerItemProxy;
			containerPortal = 94A2023C289D8AC000C75FD4 /* Project object */;
			proxyType = 1;
			remoteGlobalIDString = 94A20243289D8AC100C75FD4;
			remoteInfo = "chat-app-swiftui";
		};
/* End PBXContainerItemProxy section */

/* Begin PBXFileReference section */
		94865EB4289D959B002D09FF /* Info.plist */ = {isa = PBXFileReference; lastKnownFileType = text.plist; path = Info.plist; sourceTree = "<group>"; };
		94865EB5289D95D3002D09FF /* LexendDeca-Bold.ttf */ = {isa = PBXFileReference; lastKnownFileType = file; path = "LexendDeca-Bold.ttf"; sourceTree = "<group>"; };
		94865EB6289D95D3002D09FF /* LexendDeca-Regular.ttf */ = {isa = PBXFileReference; lastKnownFileType = file; path = "LexendDeca-Regular.ttf"; sourceTree = "<group>"; };
		94865EB7289D95D3002D09FF /* LexendDeca-SemiBold.ttf */ = {isa = PBXFileReference; lastKnownFileType = file; path = "LexendDeca-SemiBold.ttf"; sourceTree = "<group>"; };
		94865EBB289D9A73002D09FF /* Fonts.swift */ = {isa = PBXFileReference; lastKnownFileType = sourcecode.swift; path = Fonts.swift; sourceTree = "<group>"; };
		94865EC028A0C453002D09FF /* CustomTabBar.swift */ = {isa = PBXFileReference; lastKnownFileType = sourcecode.swift; path = CustomTabBar.swift; sourceTree = "<group>"; };
		94865EC228A0CE0B002D09FF /* TabBarButton.swift */ = {isa = PBXFileReference; lastKnownFileType = sourcecode.swift; path = TabBarButton.swift; sourceTree = "<group>"; };
		94865EC428A0D0AC002D09FF /* GoogleService-Info.plist */ = {isa = PBXFileReference; lastKnownFileType = text.plist; path = "GoogleService-Info.plist"; sourceTree = SOURCE_ROOT; };
		94865ED328A0D2BB002D09FF /* AppDelegate.swift */ = {isa = PBXFileReference; lastKnownFileType = sourcecode.swift; path = AppDelegate.swift; sourceTree = "<group>"; };
		94865ED528A0D59E002D09FF /* chat-app-swiftui.entitlements */ = {isa = PBXFileReference; lastKnownFileType = text.plist.entitlements; path = "chat-app-swiftui.entitlements"; sourceTree = "<group>"; };
		94865ED628A1586C002D09FF /* AuthViewModel.swift */ = {isa = PBXFileReference; lastKnownFileType = sourcecode.swift; path = AuthViewModel.swift; sourceTree = "<group>"; };
		94865ED928A15FAC002D09FF /* OnboardingContainerView.swift */ = {isa = PBXFileReference; lastKnownFileType = sourcecode.swift; path = OnboardingContainerView.swift; sourceTree = "<group>"; };
		94865EDB28A16497002D09FF /* WelcomeView.swift */ = {isa = PBXFileReference; lastKnownFileType = sourcecode.swift; path = WelcomeView.swift; sourceTree = "<group>"; };
		94865EDD28A16526002D09FF /* PhoneNumberView.swift */ = {isa = PBXFileReference; lastKnownFileType = sourcecode.swift; path = PhoneNumberView.swift; sourceTree = "<group>"; };
		94865EDF28A1653A002D09FF /* VerificationView.swift */ = {isa = PBXFileReference; lastKnownFileType = sourcecode.swift; path = VerificationView.swift; sourceTree = "<group>"; };
		94865EE128A1654C002D09FF /* ProfileView.swift */ = {isa = PBXFileReference; lastKnownFileType = sourcecode.swift; path = ProfileView.swift; sourceTree = "<group>"; };
		94865EE328A1655F002D09FF /* SyncContactsView.swift */ = {isa = PBXFileReference; lastKnownFileType = sourcecode.swift; path = SyncContactsView.swift; sourceTree = "<group>"; };
		94865EE528A166E6002D09FF /* OnboardingButtonStyle.swift */ = {isa = PBXFileReference; lastKnownFileType = sourcecode.swift; path = OnboardingButtonStyle.swift; sourceTree = "<group>"; };
		94865EE728A23304002D09FF /* ProfileTextFieldStyle.swift */ = {isa = PBXFileReference; lastKnownFileType = sourcecode.swift; path = ProfileTextFieldStyle.swift; sourceTree = "<group>"; };
		94865F0328A42D4D002D09FF /* User.swift */ = {isa = PBXFileReference; lastKnownFileType = sourcecode.swift; path = User.swift; sourceTree = "<group>"; };
		94865F0528A42E9E002D09FF /* ContactsViewModel.swift */ = {isa = PBXFileReference; lastKnownFileType = sourcecode.swift; path = ContactsViewModel.swift; sourceTree = "<group>"; };
		94865F0728A4CE71002D09FF /* DatabaseService.swift */ = {isa = PBXFileReference; lastKnownFileType = sourcecode.swift; path = DatabaseService.swift; sourceTree = "<group>"; };
		94865F0928A4CFB8002D09FF /* TextHelper.swift */ = {isa = PBXFileReference; lastKnownFileType = sourcecode.swift; path = TextHelper.swift; sourceTree = "<group>"; };
		94865F0B28A4D930002D09FF /* ImagePicker.swift */ = {isa = PBXFileReference; fileEncoding = 4; lastKnownFileType = sourcecode.swift; path = ImagePicker.swift; sourceTree = "<group>"; };
		94865F0F28A53981002D09FF /* ContactsListView.swift */ = {isa = PBXFileReference; lastKnownFileType = sourcecode.swift; path = ContactsListView.swift; sourceTree = "<group>"; };
		94865F1128A5398F002D09FF /* ChatsListView.swift */ = {isa = PBXFileReference; lastKnownFileType = sourcecode.swift; path = ChatsListView.swift; sourceTree = "<group>"; };
		94865F1328A5496E002D09FF /* ContactRow.swift */ = {isa = PBXFileReference; lastKnownFileType = sourcecode.swift; path = ContactRow.swift; sourceTree = "<group>"; };
		94865F1628ADF472002D09FF /* ProfilePicView.swift */ = {isa = PBXFileReference; lastKnownFileType = sourcecode.swift; path = ProfilePicView.swift; sourceTree = "<group>"; };
		94865F1828ADFA5A002D09FF /* ConversationView.swift */ = {isa = PBXFileReference; lastKnownFileType = sourcecode.swift; path = ConversationView.swift; sourceTree = "<group>"; };
		94865F1A28ADFB7E002D09FF /* RoundedCornerExtension.swift */ = {isa = PBXFileReference; lastKnownFileType = sourcecode.swift; path = RoundedCornerExtension.swift; sourceTree = "<group>"; };
		94865F1C28AE1E4D002D09FF /* Chat.swift */ = {isa = PBXFileReference; lastKnownFileType = sourcecode.swift; path = Chat.swift; sourceTree = "<group>"; };
		94865F2028AE210C002D09FF /* ChatViewModel.swift */ = {isa = PBXFileReference; lastKnownFileType = sourcecode.swift; path = ChatViewModel.swift; sourceTree = "<group>"; };
		94865F2228B08A60002D09FF /* DateHelper.swift */ = {isa = PBXFileReference; lastKnownFileType = sourcecode.swift; path = DateHelper.swift; sourceTree = "<group>"; };
		94A20244289D8AC100C75FD4 /* chat-app-swiftui.app */ = {isa = PBXFileReference; explicitFileType = wrapper.application; includeInIndex = 0; path = "chat-app-swiftui.app"; sourceTree = BUILT_PRODUCTS_DIR; };
		94A20247289D8AC100C75FD4 /* chat_app_swiftuiApp.swift */ = {isa = PBXFileReference; lastKnownFileType = sourcecode.swift; path = chat_app_swiftuiApp.swift; sourceTree = "<group>"; };
		94A20249289D8AC100C75FD4 /* RootView.swift */ = {isa = PBXFileReference; lastKnownFileType = sourcecode.swift; path = RootView.swift; sourceTree = "<group>"; };
		94A2024B289D8AC200C75FD4 /* Assets.xcassets */ = {isa = PBXFileReference; lastKnownFileType = folder.assetcatalog; path = Assets.xcassets; sourceTree = "<group>"; };
		94A2024E289D8AC200C75FD4 /* Preview Assets.xcassets */ = {isa = PBXFileReference; lastKnownFileType = folder.assetcatalog; path = "Preview Assets.xcassets"; sourceTree = "<group>"; };
		94A20254289D8AC200C75FD4 /* chat-app-swiftuiTests.xctest */ = {isa = PBXFileReference; explicitFileType = wrapper.cfbundle; includeInIndex = 0; path = "chat-app-swiftuiTests.xctest"; sourceTree = BUILT_PRODUCTS_DIR; };
		94A20258289D8AC200C75FD4 /* chat_app_swiftuiTests.swift */ = {isa = PBXFileReference; lastKnownFileType = sourcecode.swift; path = chat_app_swiftuiTests.swift; sourceTree = "<group>"; };
		94A2025E289D8AC200C75FD4 /* chat-app-swiftuiUITests.xctest */ = {isa = PBXFileReference; explicitFileType = wrapper.cfbundle; includeInIndex = 0; path = "chat-app-swiftuiUITests.xctest"; sourceTree = BUILT_PRODUCTS_DIR; };
		94A20262289D8AC200C75FD4 /* chat_app_swiftuiUITests.swift */ = {isa = PBXFileReference; lastKnownFileType = sourcecode.swift; path = chat_app_swiftuiUITests.swift; sourceTree = "<group>"; };
		94A20264289D8AC200C75FD4 /* chat_app_swiftuiUITestsLaunchTests.swift */ = {isa = PBXFileReference; lastKnownFileType = sourcecode.swift; path = chat_app_swiftuiUITestsLaunchTests.swift; sourceTree = "<group>"; };
/* End PBXFileReference section */

/* Begin PBXFrameworksBuildPhase section */
		94A20241289D8AC100C75FD4 /* Frameworks */ = {
			isa = PBXFrameworksBuildPhase;
			buildActionMask = 2147483647;
			files = (
				94865ED028A0D206002D09FF /* FirebaseFirestoreSwift in Frameworks */,
				94865ECA28A0D206002D09FF /* FirebaseAnalyticsSwift in Frameworks */,
				94865ECE28A0D206002D09FF /* FirebaseFirestore in Frameworks */,
				94865ECC28A0D206002D09FF /* FirebaseAuth in Frameworks */,
				94865EC828A0D206002D09FF /* FirebaseAnalytics in Frameworks */,
				94865ED228A0D206002D09FF /* FirebaseStorage in Frameworks */,
			);
			runOnlyForDeploymentPostprocessing = 0;
		};
		94A20251289D8AC200C75FD4 /* Frameworks */ = {
			isa = PBXFrameworksBuildPhase;
			buildActionMask = 2147483647;
			files = (
			);
			runOnlyForDeploymentPostprocessing = 0;
		};
		94A2025B289D8AC200C75FD4 /* Frameworks */ = {
			isa = PBXFrameworksBuildPhase;
			buildActionMask = 2147483647;
			files = (
			);
			runOnlyForDeploymentPostprocessing = 0;
		};
/* End PBXFrameworksBuildPhase section */

/* Begin PBXGroup section */
		94865EBD28A0C3FC002D09FF /* Custom Tab Bar */ = {
			isa = PBXGroup;
			children = (
				94865EC028A0C453002D09FF /* CustomTabBar.swift */,
				94865EC228A0CE0B002D09FF /* TabBarButton.swift */,
			);
			path = "Custom Tab Bar";
			sourceTree = "<group>";
		};
		94865ED828A15BD1002D09FF /* Onboarding */ = {
			isa = PBXGroup;
			children = (
				94865ED928A15FAC002D09FF /* OnboardingContainerView.swift */,
				94865EDB28A16497002D09FF /* WelcomeView.swift */,
				94865EDD28A16526002D09FF /* PhoneNumberView.swift */,
				94865EDF28A1653A002D09FF /* VerificationView.swift */,
				94865F0B28A4D930002D09FF /* ImagePicker.swift */,
				94865EE128A1654C002D09FF /* ProfileView.swift */,
				94865EE328A1655F002D09FF /* SyncContactsView.swift */,
			);
			path = Onboarding;
			sourceTree = "<group>";
		};
		94865F0D28A53951002D09FF /* ChatsView */ = {
			isa = PBXGroup;
			children = (
				94865F1128A5398F002D09FF /* ChatsListView.swift */,
				94865F1828ADFA5A002D09FF /* ConversationView.swift */,
			);
			path = ChatsView;
			sourceTree = "<group>";
		};
		94865F0E28A53958002D09FF /* ContactsView */ = {
			isa = PBXGroup;
			children = (
				94865F0F28A53981002D09FF /* ContactsListView.swift */,
				94865F1328A5496E002D09FF /* ContactRow.swift */,
			);
			path = ContactsView;
			sourceTree = "<group>";
		};
		94865F1528ADF43C002D09FF /* Misc */ = {
			isa = PBXGroup;
			children = (
				94865F1628ADF472002D09FF /* ProfilePicView.swift */,
			);
			path = Misc;
			sourceTree = "<group>";
		};
		94A2023B289D8AC000C75FD4 = {
			isa = PBXGroup;
			children = (
				94A20246289D8AC100C75FD4 /* chat-app-swiftui */,
				94A20257289D8AC200C75FD4 /* chat-app-swiftuiTests */,
				94A20261289D8AC200C75FD4 /* chat-app-swiftuiUITests */,
				94A20245289D8AC100C75FD4 /* Products */,
			);
			sourceTree = "<group>";
		};
		94A20245289D8AC100C75FD4 /* Products */ = {
			isa = PBXGroup;
			children = (
				94A20244289D8AC100C75FD4 /* chat-app-swiftui.app */,
				94A20254289D8AC200C75FD4 /* chat-app-swiftuiTests.xctest */,
				94A2025E289D8AC200C75FD4 /* chat-app-swiftuiUITests.xctest */,
			);
			name = Products;
			sourceTree = "<group>";
		};
		94A20246289D8AC100C75FD4 /* chat-app-swiftui */ = {
			isa = PBXGroup;
			children = (
				94865ED528A0D59E002D09FF /* chat-app-swiftui.entitlements */,
				94865EC428A0D0AC002D09FF /* GoogleService-Info.plist */,
				94865EB4289D959B002D09FF /* Info.plist */,
				94865ED328A0D2BB002D09FF /* AppDelegate.swift */,
				94A20247289D8AC100C75FD4 /* chat_app_swiftuiApp.swift */,
				94A20271289D8C2700C75FD4 /* Views */,
				94A20273289D8C5000C75FD4 /* ViewModels */,
				94A20272289D8C3000C75FD4 /* Models */,
				94A20274289D8C5600C75FD4 /* Services */,
				94A20275289D8C5E00C75FD4 /* Helpers */,
				94A20276289D8C8600C75FD4 /* Fonts */,
				94A2024B289D8AC200C75FD4 /* Assets.xcassets */,
				94A2024D289D8AC200C75FD4 /* Preview Content */,
			);
			path = "chat-app-swiftui";
			sourceTree = "<group>";
		};
		94A2024D289D8AC200C75FD4 /* Preview Content */ = {
			isa = PBXGroup;
			children = (
				94A2024E289D8AC200C75FD4 /* Preview Assets.xcassets */,
			);
			path = "Preview Content";
			sourceTree = "<group>";
		};
		94A20257289D8AC200C75FD4 /* chat-app-swiftuiTests */ = {
			isa = PBXGroup;
			children = (
				94A20258289D8AC200C75FD4 /* chat_app_swiftuiTests.swift */,
			);
			path = "chat-app-swiftuiTests";
			sourceTree = "<group>";
		};
		94A20261289D8AC200C75FD4 /* chat-app-swiftuiUITests */ = {
			isa = PBXGroup;
			children = (
				94A20262289D8AC200C75FD4 /* chat_app_swiftuiUITests.swift */,
				94A20264289D8AC200C75FD4 /* chat_app_swiftuiUITestsLaunchTests.swift */,
			);
			path = "chat-app-swiftuiUITests";
			sourceTree = "<group>";
		};
		94A20271289D8C2700C75FD4 /* Views */ = {
			isa = PBXGroup;
			children = (
				94A20249289D8AC100C75FD4 /* RootView.swift */,
				94865ED828A15BD1002D09FF /* Onboarding */,
				94865F0E28A53958002D09FF /* ContactsView */,
				94865F0D28A53951002D09FF /* ChatsView */,
				94865EBD28A0C3FC002D09FF /* Custom Tab Bar */,
				94865F1528ADF43C002D09FF /* Misc */,
			);
			path = Views;
			sourceTree = "<group>";
		};
		94A20272289D8C3000C75FD4 /* Models */ = {
			isa = PBXGroup;
			children = (
				94865F0328A42D4D002D09FF /* User.swift */,
				94865F1C28AE1E4D002D09FF /* Chat.swift */,
			);
			path = Models;
			sourceTree = "<group>";
		};
		94A20273289D8C5000C75FD4 /* ViewModels */ = {
			isa = PBXGroup;
			children = (
				94865ED628A1586C002D09FF /* AuthViewModel.swift */,
				94865F0528A42E9E002D09FF /* ContactsViewModel.swift */,
				94865F2028AE210C002D09FF /* ChatViewModel.swift */,
			);
			path = ViewModels;
			sourceTree = "<group>";
		};
		94A20274289D8C5600C75FD4 /* Services */ = {
			isa = PBXGroup;
			children = (
				94865F0728A4CE71002D09FF /* DatabaseService.swift */,
			);
			path = Services;
			sourceTree = "<group>";
		};
		94A20275289D8C5E00C75FD4 /* Helpers */ = {
			isa = PBXGroup;
			children = (
				94865EBB289D9A73002D09FF /* Fonts.swift */,
				94865EE528A166E6002D09FF /* OnboardingButtonStyle.swift */,
				94865EE728A23304002D09FF /* ProfileTextFieldStyle.swift */,
				94865F0928A4CFB8002D09FF /* TextHelper.swift */,
				94865F1A28ADFB7E002D09FF /* RoundedCornerExtension.swift */,
				94865F2228B08A60002D09FF /* DateHelper.swift */,
			);
			path = Helpers;
			sourceTree = "<group>";
		};
		94A20276289D8C8600C75FD4 /* Fonts */ = {
			isa = PBXGroup;
			children = (
				94865EB5289D95D3002D09FF /* LexendDeca-Bold.ttf */,
				94865EB6289D95D3002D09FF /* LexendDeca-Regular.ttf */,
				94865EB7289D95D3002D09FF /* LexendDeca-SemiBold.ttf */,
			);
			path = Fonts;
			sourceTree = "<group>";
		};
/* End PBXGroup section */

/* Begin PBXNativeTarget section */
		94A20243289D8AC100C75FD4 /* chat-app-swiftui */ = {
			isa = PBXNativeTarget;
			buildConfigurationList = 94A20268289D8AC200C75FD4 /* Build configuration list for PBXNativeTarget "chat-app-swiftui" */;
			buildPhases = (
				94A20240289D8AC100C75FD4 /* Sources */,
				94A20241289D8AC100C75FD4 /* Frameworks */,
				94A20242289D8AC100C75FD4 /* Resources */,
			);
			buildRules = (
			);
			dependencies = (
			);
			name = "chat-app-swiftui";
			packageProductDependencies = (
				94865EC728A0D206002D09FF /* FirebaseAnalytics */,
				94865EC928A0D206002D09FF /* FirebaseAnalyticsSwift */,
				94865ECB28A0D206002D09FF /* FirebaseAuth */,
				94865ECD28A0D206002D09FF /* FirebaseFirestore */,
				94865ECF28A0D206002D09FF /* FirebaseFirestoreSwift */,
				94865ED128A0D206002D09FF /* FirebaseStorage */,
			);
			productName = "chat-app-swiftui";
			productReference = 94A20244289D8AC100C75FD4 /* chat-app-swiftui.app */;
			productType = "com.apple.product-type.application";
		};
		94A20253289D8AC200C75FD4 /* chat-app-swiftuiTests */ = {
			isa = PBXNativeTarget;
			buildConfigurationList = 94A2026B289D8AC200C75FD4 /* Build configuration list for PBXNativeTarget "chat-app-swiftuiTests" */;
			buildPhases = (
				94A20250289D8AC200C75FD4 /* Sources */,
				94A20251289D8AC200C75FD4 /* Frameworks */,
				94A20252289D8AC200C75FD4 /* Resources */,
			);
			buildRules = (
			);
			dependencies = (
				94A20256289D8AC200C75FD4 /* PBXTargetDependency */,
			);
			name = "chat-app-swiftuiTests";
			productName = "chat-app-swiftuiTests";
			productReference = 94A20254289D8AC200C75FD4 /* chat-app-swiftuiTests.xctest */;
			productType = "com.apple.product-type.bundle.unit-test";
		};
		94A2025D289D8AC200C75FD4 /* chat-app-swiftuiUITests */ = {
			isa = PBXNativeTarget;
			buildConfigurationList = 94A2026E289D8AC200C75FD4 /* Build configuration list for PBXNativeTarget "chat-app-swiftuiUITests" */;
			buildPhases = (
				94A2025A289D8AC200C75FD4 /* Sources */,
				94A2025B289D8AC200C75FD4 /* Frameworks */,
				94A2025C289D8AC200C75FD4 /* Resources */,
			);
			buildRules = (
			);
			dependencies = (
				94A20260289D8AC200C75FD4 /* PBXTargetDependency */,
			);
			name = "chat-app-swiftuiUITests";
			productName = "chat-app-swiftuiUITests";
			productReference = 94A2025E289D8AC200C75FD4 /* chat-app-swiftuiUITests.xctest */;
			productType = "com.apple.product-type.bundle.ui-testing";
		};
/* End PBXNativeTarget section */

/* Begin PBXProject section */
		94A2023C289D8AC000C75FD4 /* Project object */ = {
			isa = PBXProject;
			attributes = {
				BuildIndependentTargetsInParallel = 1;
				LastSwiftUpdateCheck = 1330;
				LastUpgradeCheck = 1330;
				TargetAttributes = {
					94A20243289D8AC100C75FD4 = {
						CreatedOnToolsVersion = 13.3;
					};
					94A20253289D8AC200C75FD4 = {
						CreatedOnToolsVersion = 13.3;
						TestTargetID = 94A20243289D8AC100C75FD4;
					};
					94A2025D289D8AC200C75FD4 = {
						CreatedOnToolsVersion = 13.3;
						TestTargetID = 94A20243289D8AC100C75FD4;
					};
				};
			};
			buildConfigurationList = 94A2023F289D8AC000C75FD4 /* Build configuration list for PBXProject "chat-app-swiftui" */;
			compatibilityVersion = "Xcode 13.0";
			developmentRegion = en;
			hasScannedForEncodings = 0;
			knownRegions = (
				en,
				Base,
			);
			mainGroup = 94A2023B289D8AC000C75FD4;
			packageReferences = (
				94865EC628A0D206002D09FF /* XCRemoteSwiftPackageReference "firebase-ios-sdk" */,
			);
			productRefGroup = 94A20245289D8AC100C75FD4 /* Products */;
			projectDirPath = "";
			projectRoot = "";
			targets = (
				94A20243289D8AC100C75FD4 /* chat-app-swiftui */,
				94A20253289D8AC200C75FD4 /* chat-app-swiftuiTests */,
				94A2025D289D8AC200C75FD4 /* chat-app-swiftuiUITests */,
			);
		};
/* End PBXProject section */

/* Begin PBXResourcesBuildPhase section */
		94A20242289D8AC100C75FD4 /* Resources */ = {
			isa = PBXResourcesBuildPhase;
			buildActionMask = 2147483647;
			files = (
				94A2024F289D8AC200C75FD4 /* Preview Assets.xcassets in Resources */,
				94A2024C289D8AC200C75FD4 /* Assets.xcassets in Resources */,
				94865EBA289D95D3002D09FF /* LexendDeca-SemiBold.ttf in Resources */,
				94865EB9289D95D3002D09FF /* LexendDeca-Regular.ttf in Resources */,
				94865EB8289D95D3002D09FF /* LexendDeca-Bold.ttf in Resources */,
				94865EC528A0D0AC002D09FF /* GoogleService-Info.plist in Resources */,
			);
			runOnlyForDeploymentPostprocessing = 0;
		};
		94A20252289D8AC200C75FD4 /* Resources */ = {
			isa = PBXResourcesBuildPhase;
			buildActionMask = 2147483647;
			files = (
			);
			runOnlyForDeploymentPostprocessing = 0;
		};
		94A2025C289D8AC200C75FD4 /* Resources */ = {
			isa = PBXResourcesBuildPhase;
			buildActionMask = 2147483647;
			files = (
			);
			runOnlyForDeploymentPostprocessing = 0;
		};
/* End PBXResourcesBuildPhase section */

/* Begin PBXSourcesBuildPhase section */
		94A20240289D8AC100C75FD4 /* Sources */ = {
			isa = PBXSourcesBuildPhase;
			buildActionMask = 2147483647;
			files = (
				94865F0828A4CE72002D09FF /* DatabaseService.swift in Sources */,
				94865ED428A0D2BB002D09FF /* AppDelegate.swift in Sources */,
				94865EDA28A15FAC002D09FF /* OnboardingContainerView.swift in Sources */,
				94865F2328B08A60002D09FF /* DateHelper.swift in Sources */,
				94865EC128A0C453002D09FF /* CustomTabBar.swift in Sources */,
				94865F0A28A4CFB8002D09FF /* TextHelper.swift in Sources */,
				94A2024A289D8AC100C75FD4 /* RootView.swift in Sources */,
				94865F0428A42D4D002D09FF /* User.swift in Sources */,
				94865EE628A166E6002D09FF /* OnboardingButtonStyle.swift in Sources */,
				94865F1228A5398F002D09FF /* ChatsListView.swift in Sources */,
				94865EE228A1654C002D09FF /* ProfileView.swift in Sources */,
				94865EDC28A16497002D09FF /* WelcomeView.swift in Sources */,
				94865ED728A1586C002D09FF /* AuthViewModel.swift in Sources */,
				94865EBC289D9A73002D09FF /* Fonts.swift in Sources */,
				94865EE828A23304002D09FF /* ProfileTextFieldStyle.swift in Sources */,
				94865EC328A0CE0B002D09FF /* TabBarButton.swift in Sources */,
				94865F0628A42E9E002D09FF /* ContactsViewModel.swift in Sources */,
				94865F1428A5496E002D09FF /* ContactRow.swift in Sources */,
				94865EE028A1653A002D09FF /* VerificationView.swift in Sources */,
				94865F1028A53981002D09FF /* ContactsListView.swift in Sources */,
				94865F1928ADFA5A002D09FF /* ConversationView.swift in Sources */,
				94865EE428A16560002D09FF /* SyncContactsView.swift in Sources */,
				94865F0C28A4D930002D09FF /* ImagePicker.swift in Sources */,
				94865F2128AE210C002D09FF /* ChatViewModel.swift in Sources */,
				94865F1D28AE1E4D002D09FF /* Chat.swift in Sources */,
				94865F1B28ADFB7E002D09FF /* RoundedCornerExtension.swift in Sources */,
				94865EDE28A16526002D09FF /* PhoneNumberView.swift in Sources */,
				94A20248289D8AC100C75FD4 /* chat_app_swiftuiApp.swift in Sources */,
				94865F1728ADF472002D09FF /* ProfilePicView.swift in Sources */,
			);
			runOnlyForDeploymentPostprocessing = 0;
		};
		94A20250289D8AC200C75FD4 /* Sources */ = {
			isa = PBXSourcesBuildPhase;
			buildActionMask = 2147483647;
			files = (
				94A20259289D8AC200C75FD4 /* chat_app_swiftuiTests.swift in Sources */,
			);
			runOnlyForDeploymentPostprocessing = 0;
		};
		94A2025A289D8AC200C75FD4 /* Sources */ = {
			isa = PBXSourcesBuildPhase;
			buildActionMask = 2147483647;
			files = (
				94A20265289D8AC200C75FD4 /* chat_app_swiftuiUITestsLaunchTests.swift in Sources */,
				94A20263289D8AC200C75FD4 /* chat_app_swiftuiUITests.swift in Sources */,
			);
			runOnlyForDeploymentPostprocessing = 0;
		};
/* End PBXSourcesBuildPhase section */

/* Begin PBXTargetDependency section */
		94A20256289D8AC200C75FD4 /* PBXTargetDependency */ = {
			isa = PBXTargetDependency;
			target = 94A20243289D8AC100C75FD4 /* chat-app-swiftui */;
			targetProxy = 94A20255289D8AC200C75FD4 /* PBXContainerItemProxy */;
		};
		94A20260289D8AC200C75FD4 /* PBXTargetDependency */ = {
			isa = PBXTargetDependency;
			target = 94A20243289D8AC100C75FD4 /* chat-app-swiftui */;
			targetProxy = 94A2025F289D8AC200C75FD4 /* PBXContainerItemProxy */;
		};
/* End PBXTargetDependency section */

/* Begin XCBuildConfiguration section */
		94A20266289D8AC200C75FD4 /* Debug */ = {
			isa = XCBuildConfiguration;
			buildSettings = {
				ALWAYS_SEARCH_USER_PATHS = NO;
				CLANG_ANALYZER_NONNULL = YES;
				CLANG_ANALYZER_NUMBER_OBJECT_CONVERSION = YES_AGGRESSIVE;
				CLANG_CXX_LANGUAGE_STANDARD = "gnu++17";
				CLANG_ENABLE_MODULES = YES;
				CLANG_ENABLE_OBJC_ARC = YES;
				CLANG_ENABLE_OBJC_WEAK = YES;
				CLANG_WARN_BLOCK_CAPTURE_AUTORELEASING = YES;
				CLANG_WARN_BOOL_CONVERSION = YES;
				CLANG_WARN_COMMA = YES;
				CLANG_WARN_CONSTANT_CONVERSION = YES;
				CLANG_WARN_DEPRECATED_OBJC_IMPLEMENTATIONS = YES;
				CLANG_WARN_DIRECT_OBJC_ISA_USAGE = YES_ERROR;
				CLANG_WARN_DOCUMENTATION_COMMENTS = YES;
				CLANG_WARN_EMPTY_BODY = YES;
				CLANG_WARN_ENUM_CONVERSION = YES;
				CLANG_WARN_INFINITE_RECURSION = YES;
				CLANG_WARN_INT_CONVERSION = YES;
				CLANG_WARN_NON_LITERAL_NULL_CONVERSION = YES;
				CLANG_WARN_OBJC_IMPLICIT_RETAIN_SELF = YES;
				CLANG_WARN_OBJC_LITERAL_CONVERSION = YES;
				CLANG_WARN_OBJC_ROOT_CLASS = YES_ERROR;
				CLANG_WARN_QUOTED_INCLUDE_IN_FRAMEWORK_HEADER = YES;
				CLANG_WARN_RANGE_LOOP_ANALYSIS = YES;
				CLANG_WARN_STRICT_PROTOTYPES = YES;
				CLANG_WARN_SUSPICIOUS_MOVE = YES;
				CLANG_WARN_UNGUARDED_AVAILABILITY = YES_AGGRESSIVE;
				CLANG_WARN_UNREACHABLE_CODE = YES;
				CLANG_WARN__DUPLICATE_METHOD_MATCH = YES;
				COPY_PHASE_STRIP = NO;
				DEBUG_INFORMATION_FORMAT = dwarf;
				ENABLE_STRICT_OBJC_MSGSEND = YES;
				ENABLE_TESTABILITY = YES;
				GCC_C_LANGUAGE_STANDARD = gnu11;
				GCC_DYNAMIC_NO_PIC = NO;
				GCC_NO_COMMON_BLOCKS = YES;
				GCC_OPTIMIZATION_LEVEL = 0;
				GCC_PREPROCESSOR_DEFINITIONS = (
					"DEBUG=1",
					"$(inherited)",
				);
				GCC_WARN_64_TO_32_BIT_CONVERSION = YES;
				GCC_WARN_ABOUT_RETURN_TYPE = YES_ERROR;
				GCC_WARN_UNDECLARED_SELECTOR = YES;
				GCC_WARN_UNINITIALIZED_AUTOS = YES_AGGRESSIVE;
				GCC_WARN_UNUSED_FUNCTION = YES;
				GCC_WARN_UNUSED_VARIABLE = YES;
				IPHONEOS_DEPLOYMENT_TARGET = 15.4;
				MTL_ENABLE_DEBUG_INFO = INCLUDE_SOURCE;
				MTL_FAST_MATH = YES;
				ONLY_ACTIVE_ARCH = YES;
				SDKROOT = iphoneos;
				SWIFT_ACTIVE_COMPILATION_CONDITIONS = DEBUG;
				SWIFT_OPTIMIZATION_LEVEL = "-Onone";
			};
			name = Debug;
		};
		94A20267289D8AC200C75FD4 /* Release */ = {
			isa = XCBuildConfiguration;
			buildSettings = {
				ALWAYS_SEARCH_USER_PATHS = NO;
				CLANG_ANALYZER_NONNULL = YES;
				CLANG_ANALYZER_NUMBER_OBJECT_CONVERSION = YES_AGGRESSIVE;
				CLANG_CXX_LANGUAGE_STANDARD = "gnu++17";
				CLANG_ENABLE_MODULES = YES;
				CLANG_ENABLE_OBJC_ARC = YES;
				CLANG_ENABLE_OBJC_WEAK = YES;
				CLANG_WARN_BLOCK_CAPTURE_AUTORELEASING = YES;
				CLANG_WARN_BOOL_CONVERSION = YES;
				CLANG_WARN_COMMA = YES;
				CLANG_WARN_CONSTANT_CONVERSION = YES;
				CLANG_WARN_DEPRECATED_OBJC_IMPLEMENTATIONS = YES;
				CLANG_WARN_DIRECT_OBJC_ISA_USAGE = YES_ERROR;
				CLANG_WARN_DOCUMENTATION_COMMENTS = YES;
				CLANG_WARN_EMPTY_BODY = YES;
				CLANG_WARN_ENUM_CONVERSION = YES;
				CLANG_WARN_INFINITE_RECURSION = YES;
				CLANG_WARN_INT_CONVERSION = YES;
				CLANG_WARN_NON_LITERAL_NULL_CONVERSION = YES;
				CLANG_WARN_OBJC_IMPLICIT_RETAIN_SELF = YES;
				CLANG_WARN_OBJC_LITERAL_CONVERSION = YES;
				CLANG_WARN_OBJC_ROOT_CLASS = YES_ERROR;
				CLANG_WARN_QUOTED_INCLUDE_IN_FRAMEWORK_HEADER = YES;
				CLANG_WARN_RANGE_LOOP_ANALYSIS = YES;
				CLANG_WARN_STRICT_PROTOTYPES = YES;
				CLANG_WARN_SUSPICIOUS_MOVE = YES;
				CLANG_WARN_UNGUARDED_AVAILABILITY = YES_AGGRESSIVE;
				CLANG_WARN_UNREACHABLE_CODE = YES;
				CLANG_WARN__DUPLICATE_METHOD_MATCH = YES;
				COPY_PHASE_STRIP = NO;
				DEBUG_INFORMATION_FORMAT = "dwarf-with-dsym";
				ENABLE_NS_ASSERTIONS = NO;
				ENABLE_STRICT_OBJC_MSGSEND = YES;
				GCC_C_LANGUAGE_STANDARD = gnu11;
				GCC_NO_COMMON_BLOCKS = YES;
				GCC_WARN_64_TO_32_BIT_CONVERSION = YES;
				GCC_WARN_ABOUT_RETURN_TYPE = YES_ERROR;
				GCC_WARN_UNDECLARED_SELECTOR = YES;
				GCC_WARN_UNINITIALIZED_AUTOS = YES_AGGRESSIVE;
				GCC_WARN_UNUSED_FUNCTION = YES;
				GCC_WARN_UNUSED_VARIABLE = YES;
				IPHONEOS_DEPLOYMENT_TARGET = 15.4;
				MTL_ENABLE_DEBUG_INFO = NO;
				MTL_FAST_MATH = YES;
				SDKROOT = iphoneos;
				SWIFT_COMPILATION_MODE = wholemodule;
				SWIFT_OPTIMIZATION_LEVEL = "-O";
				VALIDATE_PRODUCT = YES;
			};
			name = Release;
		};
		94A20269289D8AC200C75FD4 /* Debug */ = {
			isa = XCBuildConfiguration;
			buildSettings = {
				ASSETCATALOG_COMPILER_APPICON_NAME = AppIcon;
				ASSETCATALOG_COMPILER_GLOBAL_ACCENT_COLOR_NAME = AccentColor;
				CODE_SIGN_ENTITLEMENTS = "chat-app-swiftui/chat-app-swiftui.entitlements";
				CODE_SIGN_STYLE = Automatic;
				CURRENT_PROJECT_VERSION = 1;
				DEVELOPMENT_ASSET_PATHS = "\"chat-app-swiftui/Preview Content\"";
				DEVELOPMENT_TEAM = DQP68Y6R8N;
				ENABLE_PREVIEWS = YES;
				GENERATE_INFOPLIST_FILE = YES;
				INFOPLIST_FILE = "chat-app-swiftui/Info.plist";
				INFOPLIST_KEY_UIApplicationSceneManifest_Generation = YES;
				INFOPLIST_KEY_UIApplicationSupportsIndirectInputEvents = YES;
				INFOPLIST_KEY_UILaunchScreen_Generation = YES;
				INFOPLIST_KEY_UISupportedInterfaceOrientations_iPad = "UIInterfaceOrientationPortrait UIInterfaceOrientationPortraitUpsideDown UIInterfaceOrientationLandscapeLeft UIInterfaceOrientationLandscapeRight";
				INFOPLIST_KEY_UISupportedInterfaceOrientations_iPhone = "UIInterfaceOrientationPortrait UIInterfaceOrientationLandscapeLeft UIInterfaceOrientationLandscapeRight";
				LD_RUNPATH_SEARCH_PATHS = (
					"$(inherited)",
					"@executable_path/Frameworks",
				);
				MARKETING_VERSION = 1.0;
				PRODUCT_BUNDLE_IDENTIFIER = "ssk.practice.chat-app-swiftui";
				PRODUCT_NAME = "$(TARGET_NAME)";
				SWIFT_EMIT_LOC_STRINGS = YES;
				SWIFT_VERSION = 5.0;
				TARGETED_DEVICE_FAMILY = "1,2";
			};
			name = Debug;
		};
		94A2026A289D8AC200C75FD4 /* Release */ = {
			isa = XCBuildConfiguration;
			buildSettings = {
				ASSETCATALOG_COMPILER_APPICON_NAME = AppIcon;
				ASSETCATALOG_COMPILER_GLOBAL_ACCENT_COLOR_NAME = AccentColor;
				CODE_SIGN_ENTITLEMENTS = "chat-app-swiftui/chat-app-swiftui.entitlements";
				CODE_SIGN_STYLE = Automatic;
				CURRENT_PROJECT_VERSION = 1;
				DEVELOPMENT_ASSET_PATHS = "\"chat-app-swiftui/Preview Content\"";
				DEVELOPMENT_TEAM = DQP68Y6R8N;
				ENABLE_PREVIEWS = YES;
				GENERATE_INFOPLIST_FILE = YES;
				INFOPLIST_FILE = "chat-app-swiftui/Info.plist";
				INFOPLIST_KEY_UIApplicationSceneManifest_Generation = YES;
				INFOPLIST_KEY_UIApplicationSupportsIndirectInputEvents = YES;
				INFOPLIST_KEY_UILaunchScreen_Generation = YES;
				INFOPLIST_KEY_UISupportedInterfaceOrientations_iPad = "UIInterfaceOrientationPortrait UIInterfaceOrientationPortraitUpsideDown UIInterfaceOrientationLandscapeLeft UIInterfaceOrientationLandscapeRight";
				INFOPLIST_KEY_UISupportedInterfaceOrientations_iPhone = "UIInterfaceOrientationPortrait UIInterfaceOrientationLandscapeLeft UIInterfaceOrientationLandscapeRight";
				LD_RUNPATH_SEARCH_PATHS = (
					"$(inherited)",
					"@executable_path/Frameworks",
				);
				MARKETING_VERSION = 1.0;
				PRODUCT_BUNDLE_IDENTIFIER = "ssk.practice.chat-app-swiftui";
				PRODUCT_NAME = "$(TARGET_NAME)";
				SWIFT_EMIT_LOC_STRINGS = YES;
				SWIFT_VERSION = 5.0;
				TARGETED_DEVICE_FAMILY = "1,2";
			};
			name = Release;
		};
		94A2026C289D8AC200C75FD4 /* Debug */ = {
			isa = XCBuildConfiguration;
			buildSettings = {
				ALWAYS_EMBED_SWIFT_STANDARD_LIBRARIES = YES;
				BUNDLE_LOADER = "$(TEST_HOST)";
				CODE_SIGN_STYLE = Automatic;
				CURRENT_PROJECT_VERSION = 1;
				DEVELOPMENT_TEAM = HEJDYB7G5K;
				GENERATE_INFOPLIST_FILE = YES;
				IPHONEOS_DEPLOYMENT_TARGET = 15.4;
				MARKETING_VERSION = 1.0;
				PRODUCT_BUNDLE_IDENTIFIER = "ssk.practice.chat-app-swiftuiTests";
				PRODUCT_NAME = "$(TARGET_NAME)";
				SWIFT_EMIT_LOC_STRINGS = NO;
				SWIFT_VERSION = 5.0;
				TARGETED_DEVICE_FAMILY = "1,2";
				TEST_HOST = "$(BUILT_PRODUCTS_DIR)/chat-app-swiftui.app/chat-app-swiftui";
			};
			name = Debug;
		};
		94A2026D289D8AC200C75FD4 /* Release */ = {
			isa = XCBuildConfiguration;
			buildSettings = {
				ALWAYS_EMBED_SWIFT_STANDARD_LIBRARIES = YES;
				BUNDLE_LOADER = "$(TEST_HOST)";
				CODE_SIGN_STYLE = Automatic;
				CURRENT_PROJECT_VERSION = 1;
				DEVELOPMENT_TEAM = HEJDYB7G5K;
				GENERATE_INFOPLIST_FILE = YES;
				IPHONEOS_DEPLOYMENT_TARGET = 15.4;
				MARKETING_VERSION = 1.0;
				PRODUCT_BUNDLE_IDENTIFIER = "ssk.practice.chat-app-swiftuiTests";
				PRODUCT_NAME = "$(TARGET_NAME)";
				SWIFT_EMIT_LOC_STRINGS = NO;
				SWIFT_VERSION = 5.0;
				TARGETED_DEVICE_FAMILY = "1,2";
				TEST_HOST = "$(BUILT_PRODUCTS_DIR)/chat-app-swiftui.app/chat-app-swiftui";
			};
			name = Release;
		};
		94A2026F289D8AC200C75FD4 /* Debug */ = {
			isa = XCBuildConfiguration;
			buildSettings = {
				ALWAYS_EMBED_SWIFT_STANDARD_LIBRARIES = YES;
				CODE_SIGN_STYLE = Automatic;
				CURRENT_PROJECT_VERSION = 1;
				DEVELOPMENT_TEAM = HEJDYB7G5K;
				GENERATE_INFOPLIST_FILE = YES;
				MARKETING_VERSION = 1.0;
				PRODUCT_BUNDLE_IDENTIFIER = "ssk.practice.chat-app-swiftuiUITests";
				PRODUCT_NAME = "$(TARGET_NAME)";
				SWIFT_EMIT_LOC_STRINGS = NO;
				SWIFT_VERSION = 5.0;
				TARGETED_DEVICE_FAMILY = "1,2";
				TEST_TARGET_NAME = "chat-app-swiftui";
			};
			name = Debug;
		};
		94A20270289D8AC200C75FD4 /* Release */ = {
			isa = XCBuildConfiguration;
			buildSettings = {
				ALWAYS_EMBED_SWIFT_STANDARD_LIBRARIES = YES;
				CODE_SIGN_STYLE = Automatic;
				CURRENT_PROJECT_VERSION = 1;
				DEVELOPMENT_TEAM = HEJDYB7G5K;
				GENERATE_INFOPLIST_FILE = YES;
				MARKETING_VERSION = 1.0;
				PRODUCT_BUNDLE_IDENTIFIER = "ssk.practice.chat-app-swiftuiUITests";
				PRODUCT_NAME = "$(TARGET_NAME)";
				SWIFT_EMIT_LOC_STRINGS = NO;
				SWIFT_VERSION = 5.0;
				TARGETED_DEVICE_FAMILY = "1,2";
				TEST_TARGET_NAME = "chat-app-swiftui";
			};
			name = Release;
		};
/* End XCBuildConfiguration section */

/* Begin XCConfigurationList section */
		94A2023F289D8AC000C75FD4 /* Build configuration list for PBXProject "chat-app-swiftui" */ = {
			isa = XCConfigurationList;
			buildConfigurations = (
				94A20266289D8AC200C75FD4 /* Debug */,
				94A20267289D8AC200C75FD4 /* Release */,
			);
			defaultConfigurationIsVisible = 0;
			defaultConfigurationName = Release;
		};
		94A20268289D8AC200C75FD4 /* Build configuration list for PBXNativeTarget "chat-app-swiftui" */ = {
			isa = XCConfigurationList;
			buildConfigurations = (
				94A20269289D8AC200C75FD4 /* Debug */,
				94A2026A289D8AC200C75FD4 /* Release */,
			);
			defaultConfigurationIsVisible = 0;
			defaultConfigurationName = Release;
		};
		94A2026B289D8AC200C75FD4 /* Build configuration list for PBXNativeTarget "chat-app-swiftuiTests" */ = {
			isa = XCConfigurationList;
			buildConfigurations = (
				94A2026C289D8AC200C75FD4 /* Debug */,
				94A2026D289D8AC200C75FD4 /* Release */,
			);
			defaultConfigurationIsVisible = 0;
			defaultConfigurationName = Release;
		};
		94A2026E289D8AC200C75FD4 /* Build configuration list for PBXNativeTarget "chat-app-swiftuiUITests" */ = {
			isa = XCConfigurationList;
			buildConfigurations = (
				94A2026F289D8AC200C75FD4 /* Debug */,
				94A20270289D8AC200C75FD4 /* Release */,
			);
			defaultConfigurationIsVisible = 0;
			defaultConfigurationName = Release;
		};
/* End XCConfigurationList section */

/* Begin XCRemoteSwiftPackageReference section */
		94865EC628A0D206002D09FF /* XCRemoteSwiftPackageReference "firebase-ios-sdk" */ = {
			isa = XCRemoteSwiftPackageReference;
			repositoryURL = "https://github.com/firebase/firebase-ios-sdk";
			requirement = {
				kind = upToNextMajorVersion;
				minimumVersion = 9.0.0;
			};
		};
/* End XCRemoteSwiftPackageReference section */

/* Begin XCSwiftPackageProductDependency section */
		94865EC728A0D206002D09FF /* FirebaseAnalytics */ = {
			isa = XCSwiftPackageProductDependency;
			package = 94865EC628A0D206002D09FF /* XCRemoteSwiftPackageReference "firebase-ios-sdk" */;
			productName = FirebaseAnalytics;
		};
		94865EC928A0D206002D09FF /* FirebaseAnalyticsSwift */ = {
			isa = XCSwiftPackageProductDependency;
			package = 94865EC628A0D206002D09FF /* XCRemoteSwiftPackageReference "firebase-ios-sdk" */;
			productName = FirebaseAnalyticsSwift;
		};
		94865ECB28A0D206002D09FF /* FirebaseAuth */ = {
			isa = XCSwiftPackageProductDependency;
			package = 94865EC628A0D206002D09FF /* XCRemoteSwiftPackageReference "firebase-ios-sdk" */;
			productName = FirebaseAuth;
		};
		94865ECD28A0D206002D09FF /* FirebaseFirestore */ = {
			isa = XCSwiftPackageProductDependency;
			package = 94865EC628A0D206002D09FF /* XCRemoteSwiftPackageReference "firebase-ios-sdk" */;
			productName = FirebaseFirestore;
		};
		94865ECF28A0D206002D09FF /* FirebaseFirestoreSwift */ = {
			isa = XCSwiftPackageProductDependency;
			package = 94865EC628A0D206002D09FF /* XCRemoteSwiftPackageReference "firebase-ios-sdk" */;
			productName = FirebaseFirestoreSwift;
		};
		94865ED128A0D206002D09FF /* FirebaseStorage */ = {
			isa = XCSwiftPackageProductDependency;
			package = 94865EC628A0D206002D09FF /* XCRemoteSwiftPackageReference "firebase-ios-sdk" */;
			productName = FirebaseStorage;
		};
/* End XCSwiftPackageProductDependency section */
	};
	rootObject = 94A2023C289D8AC000C75FD4 /* Project object */;
}
